
Microsoft Visual Studio Solution File, Format Version 12.00
# Visual Studio Version 17
VisualStudioVersion = 17.3.32901.215
MinimumVisualStudioVersion = 10.0.40219.1
Project("{FAE04EC0-301F-11D3-BF4B-00C04F79EFBC}") = "HangfireDemo", "HangfireDemo\HangfireDemo.csproj", "{19E948FE-BC48-4A05-8580-A0D35FE677EA}"
EndProject
Global
	GlobalSection(SolutionConfigurationPlatforms) = preSolution
		Debug|Any CPU = Debug|Any CPU
		Release|Any CPU = Release|Any CPU
	EndGlobalSection
	GlobalSection(ProjectConfigurationPlatforms) = postSolution
		{19E948FE-BC48-4A05-8580-A0D35FE677EA}.Debug|Any CPU.ActiveCfg = Debug|Any CPU
		{19E948FE-BC48-4A05-8580-A0D35FE677EA}.Debug|Any CPU.Build.0 = Debug|Any CPU
		{19E948FE-BC48-4A05-8580-A0D35FE677EA}.Release|Any CPU.ActiveCfg = Release|Any CPU
		{19E948FE-BC48-4A05-8580-A0D35FE677EA}.Release|Any CPU.Build.0 = Release|Any CPU
	EndGlobalSection
	GlobalSection(SolutionProperties) = preSolution
		HideSolutionNode = FALSE
	EndGlobalSection
	GlobalSection(ExtensibilityGlobals) = postSolution
		SolutionGuid = {EC28C202-025C-40F6-8E66-DD6903253295}
	EndGlobalSection
EndGlobal
